
Microsoft Visual Studio Solution File, Format Version 12.00
# Visual Studio Version 16
VisualStudioVersion = 16.0.29418.71
MinimumVisualStudioVersion = 10.0.40219.1
Project("{FAE04EC0-301F-11D3-BF4B-00C04F79EFBC}") = "View", "View\View.csproj", "{E1530758-20C1-4255-8946-16264F74417E}"
EndProject
Project("{FAE04EC0-301F-11D3-BF4B-00C04F79EFBC}") = "Model", "Query\Model.csproj", "{A15D8DBA-9128-4E5C-8D8D-52C45B005677}"
EndProject
Project("{FAE04EC0-301F-11D3-BF4B-00C04F79EFBC}") = "Test", "Test\Test.csproj", "{EF2CC6FE-D8A5-4545-BD18-A6299FFDD5AB}"
EndProject
Project("{FAE04EC0-301F-11D3-BF4B-00C04F79EFBC}") = "Utils", "Utils\Utils.csproj", "{06BE5113-329E-44DF-87E4-8EF390743837}"
EndProject
Project("{FAE04EC0-301F-11D3-BF4B-00C04F79EFBC}") = "Persist", "Persist\Persist.csproj", "{A5117B3C-6A5F-4663-8839-9122B5D5E53A}"
EndProject
Project("{FAE04EC0-301F-11D3-BF4B-00C04F79EFBC}") = "Presenter", "Presenter\Presenter.csproj", "{C72A5FA1-F213-41C2-A3C1-CB9F9AE87205}"
EndProject
Global
	GlobalSection(SolutionConfigurationPlatforms) = preSolution
		Debug|Any CPU = Debug|Any CPU
		Release|Any CPU = Release|Any CPU
	EndGlobalSection
	GlobalSection(ProjectConfigurationPlatforms) = postSolution
		{E1530758-20C1-4255-8946-16264F74417E}.Debug|Any CPU.ActiveCfg = Debug|Any CPU
		{E1530758-20C1-4255-8946-16264F74417E}.Debug|Any CPU.Build.0 = Debug|Any CPU
		{E1530758-20C1-4255-8946-16264F74417E}.Release|Any CPU.ActiveCfg = Release|Any CPU
		{E1530758-20C1-4255-8946-16264F74417E}.Release|Any CPU.Build.0 = Release|Any CPU
		{A15D8DBA-9128-4E5C-8D8D-52C45B005677}.Debug|Any CPU.ActiveCfg = Debug|Any CPU
		{A15D8DBA-9128-4E5C-8D8D-52C45B005677}.Debug|Any CPU.Build.0 = Debug|Any CPU
		{A15D8DBA-9128-4E5C-8D8D-52C45B005677}.Release|Any CPU.ActiveCfg = Release|Any CPU
		{A15D8DBA-9128-4E5C-8D8D-52C45B005677}.Release|Any CPU.Build.0 = Release|Any CPU
		{EF2CC6FE-D8A5-4545-BD18-A6299FFDD5AB}.Debug|Any CPU.ActiveCfg = Debug|Any CPU
		{EF2CC6FE-D8A5-4545-BD18-A6299FFDD5AB}.Debug|Any CPU.Build.0 = Debug|Any CPU
		{EF2CC6FE-D8A5-4545-BD18-A6299FFDD5AB}.Release|Any CPU.ActiveCfg = Release|Any CPU
		{EF2CC6FE-D8A5-4545-BD18-A6299FFDD5AB}.Release|Any CPU.Build.0 = Release|Any CPU
		{06BE5113-329E-44DF-87E4-8EF390743837}.Debug|Any CPU.ActiveCfg = Debug|Any CPU
		{06BE5113-329E-44DF-87E4-8EF390743837}.Debug|Any CPU.Build.0 = Debug|Any CPU
		{06BE5113-329E-44DF-87E4-8EF390743837}.Release|Any CPU.ActiveCfg = Release|Any CPU
		{06BE5113-329E-44DF-87E4-8EF390743837}.Release|Any CPU.Build.0 = Release|Any CPU
		{A5117B3C-6A5F-4663-8839-9122B5D5E53A}.Debug|Any CPU.ActiveCfg = Debug|Any CPU
		{A5117B3C-6A5F-4663-8839-9122B5D5E53A}.Debug|Any CPU.Build.0 = Debug|Any CPU
		{A5117B3C-6A5F-4663-8839-9122B5D5E53A}.Release|Any CPU.ActiveCfg = Release|Any CPU
		{A5117B3C-6A5F-4663-8839-9122B5D5E53A}.Release|Any CPU.Build.0 = Release|Any CPU
		{C72A5FA1-F213-41C2-A3C1-CB9F9AE87205}.Debug|Any CPU.ActiveCfg = Debug|Any CPU
		{C72A5FA1-F213-41C2-A3C1-CB9F9AE87205}.Debug|Any CPU.Build.0 = Debug|Any CPU
		{C72A5FA1-F213-41C2-A3C1-CB9F9AE87205}.Release|Any CPU.ActiveCfg = Release|Any CPU
		{C72A5FA1-F213-41C2-A3C1-CB9F9AE87205}.Release|Any CPU.Build.0 = Release|Any CPU
	EndGlobalSection
	GlobalSection(SolutionProperties) = preSolution
		HideSolutionNode = FALSE
	EndGlobalSection
	GlobalSection(ExtensibilityGlobals) = postSolution
		SolutionGuid = {545D4321-DA36-4832-91B0-FE618ABAD511}
	EndGlobalSection
EndGlobal
